
Microsoft Visual Studio Solution File, Format Version 12.00
# Visual Studio Version 17
VisualStudioVersion = 17.2.32526.322
MinimumVisualStudioVersion = 10.0.40219.1
Project("{FAE04EC0-301F-11D3-BF4B-00C04F79EFBC}") = "AsyncUIExample", "AsyncUIExample\AsyncUIExample.csproj", "{FE055185-EAEB-4B27-BB91-D7B9439B9862}"
EndProject
Global
	GlobalSection(SolutionConfigurationPlatforms) = preSolution
		Debug|Any CPU = Debug|Any CPU
		Release|Any CPU = Release|Any CPU
	EndGlobalSection
	GlobalSection(ProjectConfigurationPlatforms) = postSolution
		{FE055185-EAEB-4B27-BB91-D7B9439B9862}.Debug|Any CPU.ActiveCfg = Debug|Any CPU
		{FE055185-EAEB-4B27-BB91-D7B9439B9862}.Debug|Any CPU.Build.0 = Debug|Any CPU
		{FE055185-EAEB-4B27-BB91-D7B9439B9862}.Release|Any CPU.ActiveCfg = Release|Any CPU
		{FE055185-EAEB-4B27-BB91-D7B9439B9862}.Release|Any CPU.Build.0 = Release|Any CPU
	EndGlobalSection
	GlobalSection(SolutionProperties) = preSolution
		HideSolutionNode = FALSE
	EndGlobalSection
	GlobalSection(ExtensibilityGlobals) = postSolution
		SolutionGuid = {2DC53DBF-59CD-434A-A9AF-AB5777BF0558}
	EndGlobalSection
EndGlobal
